{
  "nodes": {
    "conch": {
      "inputs": {
        "fenix": "fenix",
        "nixos-anywhere": [
          "nixos-anywhere"
        ],
        "nixpkgs": [
          "nixpkgs"
        ]
      },
      "locked": {
        "lastModified": 1692821531,
        "narHash": "sha256-U6iug8jjwHAWJ7zsprrHHh4Dpj4JzBo+uJmBP1ZShyk=",
        "owner": "mibmo",
        "repo": "conch",
        "rev": "0cbb05948630a4d5b3232554d4cc8dd095a3847c",
        "type": "github"
      },
      "original": {
        "owner": "mibmo",
        "repo": "conch",
        "type": "github"
      }
    },
    "disko": {
      "inputs": {
        "nixpkgs": [
          "nixpkgs"
        ]
      },
      "locked": {
        "lastModified": 1693677537,
        "narHash": "sha256-F8ozidIQV4Sp/IfTE54U+qIOuC88b9WskFWK5VrHBs4=",
        "owner": "nix-community",
        "repo": "disko",
        "rev": "06481a9836c37b7c1aba784092a984c2d2ef5431",
        "type": "github"
      },
      "original": {
        "owner": "nix-community",
        "repo": "disko",
        "type": "github"
      }
    },
    "disko_2": {
      "inputs": {
        "nixpkgs": [
          "nixos-anywhere",
          "nixpkgs"
        ]
      },
      "locked": {
        "lastModified": 1693189188,
        "narHash": "sha256-o6otfsB/ecudboYFwiCeL49BX3/8vRC/XUZTgkaDx54=",
        "owner": "nix-community",
        "repo": "disko",
        "rev": "00169fe4a6015a88c3799f0bf89689e06a4d4896",
        "type": "github"
      },
      "original": {
        "owner": "nix-community",
        "ref": "master",
        "repo": "disko",
        "type": "github"
      }
    },
    "fenix": {
      "inputs": {
        "nixpkgs": [
          "conch",
          "nixpkgs"
        ],
        "rust-analyzer-src": "rust-analyzer-src"
      },
      "locked": {
        "lastModified": 1686810116,
        "narHash": "sha256-akgTVyWaPQ9V+vKCW1qWkuFZ8Rj8QS/rIzSsc+fc5YY=",
        "owner": "nix-community",
        "repo": "fenix",
        "rev": "61c11ed8f4b0490354bf6b665f159597cb9a29a8",
        "type": "github"
      },
      "original": {
        "owner": "nix-community",
        "repo": "fenix",
        "type": "github"
      }
    },
    "flake-parts": {
      "inputs": {
        "nixpkgs-lib": [
          "nixos-anywhere",
          "nixpkgs"
        ]
      },
      "locked": {
        "lastModified": 1690933134,
        "narHash": "sha256-ab989mN63fQZBFrkk4Q8bYxQCktuHmBIBqUG1jl6/FQ=",
        "owner": "hercules-ci",
        "repo": "flake-parts",
        "rev": "59cf3f1447cfc75087e7273b04b31e689a8599fb",
        "type": "github"
      },
      "original": {
        "owner": "hercules-ci",
        "repo": "flake-parts",
        "type": "github"
      }
    },
    "impermanence": {
      "locked": {
        "lastModified": 1690797372,
        "narHash": "sha256-GImz19e33SeVcIvBB7NnhbJSbTpFFmNtWLh7Z85Y188=",
        "owner": "nix-community",
        "repo": "impermanence",
        "rev": "e3a7acd113903269a1b5c8b527e84ce7ee859851",
        "type": "github"
      },
      "original": {
        "owner": "nix-community",
        "repo": "impermanence",
        "type": "github"
      }
    },
    "nixos-2305": {
      "locked": {
        "lastModified": 1693231525,
        "narHash": "sha256-Zmh8m0HHcgGBDth6jdJPmc4UAAP0L4jQmqIztywF1Iw=",
        "owner": "NixOS",
        "repo": "nixpkgs",
        "rev": "c540061ac8d72d6e6d99345bd2d590c82b2f58c1",
        "type": "github"
      },
      "original": {
        "owner": "NixOS",
        "ref": "release-23.05",
        "repo": "nixpkgs",
        "type": "github"
      }
    },
    "nixos-anywhere": {
      "inputs": {
        "disko": "disko_2",
        "flake-parts": "flake-parts",
        "nixos-2305": "nixos-2305",
        "nixos-images": "nixos-images",
        "nixpkgs": [
          "nixpkgs"
        ],
        "treefmt-nix": "treefmt-nix"
      },
      "locked": {
        "lastModified": 1693655324,
        "narHash": "sha256-eKBzgGxwUfSYOp9THntc3rv50/thTGPRCefikkE/kv0=",
        "owner": "numtide",
        "repo": "nixos-anywhere",
        "rev": "9201231d0cc2cae2e4c231358ca3701532b00a30",
        "type": "github"
      },
      "original": {
        "owner": "numtide",
        "repo": "nixos-anywhere",
        "type": "github"
      }
    },
    "nixos-images": {
      "inputs": {
        "nixos-2305": [
          "nixos-anywhere",
          "nixos-2305"
        ],
        "nixos-unstable": [
          "nixos-anywhere",
          "nixpkgs"
        ]
      },
      "locked": {
        "lastModified": 1693219156,
        "narHash": "sha256-8fJKWWyAhKHUK0YYOLpaclJIJFyow+PhwMtJ9joV6yU=",
        "owner": "nix-community",
        "repo": "nixos-images",
        "rev": "8cddbac8c61437f1f412cae48ada7d5896ee46d6",
        "type": "github"
      },
      "original": {
        "owner": "nix-community",
        "repo": "nixos-images",
        "type": "github"
      }
    },
    "nixpkgs": {
      "locked": {
        "lastModified": 1693565476,
        "narHash": "sha256-ya00zHt7YbPo3ve/wNZ/6nts61xt7wK/APa6aZAfey0=",
        "owner": "NixOS",
        "repo": "nixpkgs",
        "rev": "aa8aa7e2ea35ce655297e8322dc82bf77a31d04b",
        "type": "github"
      },
      "original": {
        "id": "nixpkgs",
        "ref": "nixos-unstable",
        "type": "indirect"
      }
    },
    "root": {
      "inputs": {
        "conch": "conch",
        "disko": "disko",
        "impermanence": "impermanence",
        "nixos-anywhere": "nixos-anywhere",
        "nixpkgs": "nixpkgs"
      }
    },
    "rust-analyzer-src": {
      "flake": false,
      "locked": {
        "lastModified": 1686753666,
        "narHash": "sha256-guaLYeJkTtvR1MzsvCJc273/qmph8qm85RTmkqcA5Lw=",
        "owner": "rust-lang",
        "repo": "rust-analyzer",
        "rev": "9c967d380974153dccb9d27a07850bdb138090e8",
        "type": "github"
      },
      "original": {
        "owner": "rust-lang",
        "ref": "nightly",
        "repo": "rust-analyzer",
        "type": "github"
      }
    },
    "treefmt-nix": {
      "inputs": {
        "nixpkgs": [
          "nixos-anywhere",
          "nixpkgs"
        ]
      },
      "locked": {
        "lastModified": 1692972530,
        "narHash": "sha256-LG+M7TjlLJ1lx2qbD1yaexvue1VAatpVandtHVEN5Lc=",
        "owner": "numtide",
        "repo": "treefmt-nix",
        "rev": "843e1e1b01ac7c9e858368fffd1692cbbdbe4a0e",
        "type": "github"
      },
      "original": {
        "owner": "numtide",
        "repo": "treefmt-nix",
        "type": "github"
      }
    }
  },
  "root": "root",
  "version": 7
}
